<?xml version="1.0" encoding="utf-8"?>
<Project ToolsVersion="4.0" xmlns="http://schemas.microsoft.com/developer/msbuild/2003">
  <ItemGroup>
    <ClCompile Include="src\CFApplicationPreferences.c">
      <Filter>Source Files</Filter>
    </ClCompile>
    <ClCompile Include="src\CFArray.c">
      <Filter>Source Files</Filter>
    </ClCompile>
    <ClCompile Include="src\CFBag.c">
      <Filter>Source Files</Filter>
    </ClCompile>
    <ClCompile Include="src\CFBase.c">
      <Filter>Source Files</Filter>
    </ClCompile>
    <ClCompile Include="src\CFBinaryHeap.c">
      <Filter>Source Files</Filter>
    </ClCompile>
    <ClCompile Include="src\CFBinaryPList.c">
      <Filter>Source Files</Filter>
    </ClCompile>
    <ClCompile Include="src\CFBitVector.c">
      <Filter>Source Files</Filter>
    </ClCompile>
    <ClCompile Include="src\CFBuiltinConverters.c">
      <Filter>Source Files</Filter>
    </ClCompile>
    <ClCompile Include="src\CFBundle.c">
      <Filter>Source Files</Filter>
    </ClCompile>
    <ClCompile Include="src\CFBundle_Resources.c">
      <Filter>Source Files</Filter>
    </ClCompile>
    <ClCompile Include="src\CFCalendar.c">
      <Filter>Source Files</Filter>
    </ClCompile>
    <ClCompile Include="src\CFCharacterSet.c">
      <Filter>Source Files</Filter>
    </ClCompile>
    <ClCompile Include="src\CFConcreteStreams.c">
      <Filter>Source Files</Filter>
    </ClCompile>
    <ClCompile Include="src\CFData.c">
      <Filter>Source Files</Filter>
    </ClCompile>
    <ClCompile Include="src\CFDate.c">
      <Filter>Source Files</Filter>
    </ClCompile>
    <ClCompile Include="src\CFDateFormatter.c">
      <Filter>Source Files</Filter>
    </ClCompile>
    <ClCompile Include="src\CFDictionary.c">
      <Filter>Source Files</Filter>
    </ClCompile>
    <ClCompile Include="src\CFError.c">
      <Filter>Source Files</Filter>
    </ClCompile>
    <ClCompile Include="src\CFFileDescriptor.c">
      <Filter>Source Files</Filter>
    </ClCompile>
    <ClCompile Include="src\CFFileUtilities.c">
      <Filter>Source Files</Filter>
    </ClCompile>
    <ClCompile Include="src\CFLocale.c">
      <Filter>Source Files</Filter>
    </ClCompile>
    <ClCompile Include="src\CFLocaleIdentifier.c">
      <Filter>Source Files</Filter>
    </ClCompile>
    <ClCompile Include="src\CFMachPort.c">
      <Filter>Source Files</Filter>
    </ClCompile>
    <ClCompile Include="src\CFMessagePort.c">
      <Filter>Source Files</Filter>
    </ClCompile>
    <ClCompile Include="src\CFNotificationCenter.c">
      <Filter>Source Files</Filter>
    </ClCompile>
    <ClCompile Include="src\CFNumber.c">
      <Filter>Source Files</Filter>
    </ClCompile>
    <ClCompile Include="src\CFNumberFormatter.c">
      <Filter>Source Files</Filter>
    </ClCompile>
    <ClCompile Include="src\CFPlatform.c">
      <Filter>Source Files</Filter>
    </ClCompile>
    <ClCompile Include="src\CFPlugIn.c">
      <Filter>Source Files</Filter>
    </ClCompile>
    <ClCompile Include="src\CFPlugIn_Factory.c">
      <Filter>Source Files</Filter>
    </ClCompile>
    <ClCompile Include="src\CFPlugIn_Instance.c">
      <Filter>Source Files</Filter>
    </ClCompile>
    <ClCompile Include="src\CFPlugIn_PlugIn.c">
      <Filter>Source Files</Filter>
    </ClCompile>
    <ClCompile Include="src\CFPreferences.c">
      <Filter>Source Files</Filter>
    </ClCompile>
    <ClCompile Include="src\CFPropertyList.c">
      <Filter>Source Files</Filter>
    </ClCompile>
    <ClCompile Include="src\CFRunLoop.c">
      <Filter>Source Files</Filter>
    </ClCompile>
    <ClCompile Include="src\CFRuntime.c">
      <Filter>Source Files</Filter>
    </ClCompile>
    <ClCompile Include="src\CFSet.c">
      <Filter>Source Files</Filter>
    </ClCompile>
    <ClCompile Include="src\CFSocket.c">
      <Filter>Source Files</Filter>
    </ClCompile>
    <ClCompile Include="src\CFSocketStream.c">
      <Filter>Source Files</Filter>
    </ClCompile>
    <ClCompile Include="src\CFSortFunctions.c">
      <Filter>Source Files</Filter>
    </ClCompile>
    <ClCompile Include="src\CFStorage.c">
      <Filter>Source Files</Filter>
    </ClCompile>
    <ClCompile Include="src\CFStream.c">
      <Filter>Source Files</Filter>
    </ClCompile>
    <ClCompile Include="src\CFString.c">
      <Filter>Source Files</Filter>
    </ClCompile>
    <ClCompile Include="src\CFStringEncodingConverter.c">
      <Filter>Source Files</Filter>
    </ClCompile>
    <ClCompile Include="src\CFStringEncodings.c">
      <Filter>Source Files</Filter>
    </ClCompile>
    <ClCompile Include="src\CFStringScanner.c">
      <Filter>Source Files</Filter>
    </ClCompile>
    <ClCompile Include="src\CFStringUtilities.c">
      <Filter>Source Files</Filter>
    </ClCompile>
    <ClCompile Include="src\CFSystemDirectories.c">
      <Filter>Source Files</Filter>
    </ClCompile>
    <ClCompile Include="src\CFTimeZone.c">
      <Filter>Source Files</Filter>
    </ClCompile>
    <ClCompile Include="src\CFTree.c">
      <Filter>Source Files</Filter>
    </ClCompile>
    <ClCompile Include="src\CFUniChar.c">
      <Filter>Source Files</Filter>
    </ClCompile>
    <ClCompile Include="src\CFUnicodeDecomposition.c">
      <Filter>Source Files</Filter>
    </ClCompile>
    <ClCompile Include="src\CFUnicodePrecomposition.c">
      <Filter>Source Files</Filter>
    </ClCompile>
    <ClCompile Include="src\CFURL.c">
      <Filter>Source Files</Filter>
    </ClCompile>
    <ClCompile Include="src\CFURLAccess.c">
      <Filter>Source Files</Filter>
    </ClCompile>
    <ClCompile Include="src\CFUserNotification.c">
      <Filter>Source Files</Filter>
    </ClCompile>
    <ClCompile Include="src\CFUtilities.c">
      <Filter>Source Files</Filter>
    </ClCompile>
    <ClCompile Include="src\CFUUID.c">
      <Filter>Source Files</Filter>
    </ClCompile>
    <ClCompile Include="src\CFVersion.c">
      <Filter>Source Files</Filter>
    </ClCompile>
    <ClCompile Include="src\CFWindowsMessageQueue.c">
      <Filter>Source Files</Filter>
    </ClCompile>
    <ClCompile Include="src\CFXMLInputStream.c">
      <Filter>Source Files</Filter>
    </ClCompile>
    <ClCompile Include="src\CFXMLNode.c">
      <Filter>Source Files</Filter>
    </ClCompile>
    <ClCompile Include="src\CFXMLParser.c">
      <Filter>Source Files</Filter>
    </ClCompile>
    <ClCompile Include="src\CFXMLPreferencesDomain.c">
      <Filter>Source Files</Filter>
    </ClCompile>
    <ClCompile Include="src\CFXMLTree.c">
      <Filter>Source Files</Filter>
    </ClCompile>
    <ClCompile Include="src\compat\dirent.c">
      <Filter>Source Files\compat</Filter>
    </ClCompile>
    <ClCompile Include="src\compat\flsl.c">
      <Filter>Source Files\compat</Filter>
    </ClCompile>
    <ClCompile Include="src\compat\gettimeofday.c">
      <Filter>Source Files\compat</Filter>
    </ClCompile>
    <ClCompile Include="src\compat\strlcat.c">
      <Filter>Source Files\compat</Filter>
    </ClCompile>
    <ClCompile Include="src\compat\strlcpy.c">
      <Filter>Source Files\compat</Filter>
    </ClCompile>
  </ItemGroup>
  <ItemGroup>
    <ClInclude Include="inc\auto_stubs.h">
      <Filter>Header Files</Filter>
    </ClInclude>
    <ClInclude Include="inc\CFArray.h">
      <Filter>Header Files</Filter>
    </ClInclude>
    <ClInclude Include="inc\CFBag.h">
      <Filter>Header Files</Filter>
    </ClInclude>
    <ClInclude Include="inc\CFBase.h">
      <Filter>Header Files</Filter>
    </ClInclude>
    <ClInclude Include="inc\CFBinaryHeap.h">
      <Filter>Header Files</Filter>
    </ClInclude>
    <ClInclude Include="inc\CFBitVector.h">
      <Filter>Header Files</Filter>
    </ClInclude>
    <ClInclude Include="inc\CFBundle.h">
      <Filter>Header Files</Filter>
    </ClInclude>
    <ClInclude Include="inc\CFBundle_BinaryTypes.h">
      <Filter>Header Files</Filter>
    </ClInclude>
    <ClInclude Include="inc\CFBundle_Internal.h">
      <Filter>Header Files</Filter>
    </ClInclude>
    <ClInclude Include="inc\CFBundlePriv.h">
      <Filter>Header Files</Filter>
    </ClInclude>
    <ClInclude Include="inc\CFByteOrder.h">
      <Filter>Header Files</Filter>
    </ClInclude>
    <ClInclude Include="inc\CFCalendar.h">
      <Filter>Header Files</Filter>
    </ClInclude>
    <ClInclude Include="inc\CFCharacterSet.h">
      <Filter>Header Files</Filter>
    </ClInclude>
    <ClInclude Include="inc\CFCharacterSetPriv.h">
      <Filter>Header Files</Filter>
    </ClInclude>
    <ClInclude Include="inc\CFData.h">
      <Filter>Header Files</Filter>
    </ClInclude>
    <ClInclude Include="inc\CFDate.h">
      <Filter>Header Files</Filter>
    </ClInclude>
    <ClInclude Include="inc\CFDateFormatter.h">
      <Filter>Header Files</Filter>
    </ClInclude>
    <ClInclude Include="inc\CFDictionary.h">
      <Filter>Header Files</Filter>
    </ClInclude>
    <ClInclude Include="inc\CFError.h">
      <Filter>Header Files</Filter>
    </ClInclude>
    <ClInclude Include="inc\CFError_Private.h">
      <Filter>Header Files</Filter>
    </ClInclude>
    <ClInclude Include="inc\CFFileDescriptor.h">
      <Filter>Header Files</Filter>
    </ClInclude>
    <ClInclude Include="inc\CFInternal.h">
      <Filter>Header Files</Filter>
    </ClInclude>
    <ClInclude Include="inc\CFLocale.h">
      <Filter>Header Files</Filter>
    </ClInclude>
    <ClInclude Include="inc\CFLogUtilities.h">
      <Filter>Header Files</Filter>
    </ClInclude>
    <ClInclude Include="inc\CFMachPort.h">
      <Filter>Header Files</Filter>
    </ClInclude>
    <ClInclude Include="inc\CFMessagePort.h">
      <Filter>Header Files</Filter>
    </ClInclude>
    <ClInclude Include="inc\CFNotificationCenter.h">
      <Filter>Header Files</Filter>
    </ClInclude>
    <ClInclude Include="inc\CFNumber.h">
      <Filter>Header Files</Filter>
    </ClInclude>
    <ClInclude Include="inc\CFNumberFormatter.h">
      <Filter>Header Files</Filter>
    </ClInclude>
    <ClInclude Include="inc\CFPlugIn.h">
      <Filter>Header Files</Filter>
    </ClInclude>
    <ClInclude Include="inc\CFPlugIn_Factory.h">
      <Filter>Header Files</Filter>
    </ClInclude>
    <ClInclude Include="inc\CFPlugInCOM.h">
      <Filter>Header Files</Filter>
    </ClInclude>
    <ClInclude Include="inc\CFPreferences.h">
      <Filter>Header Files</Filter>
    </ClInclude>
    <ClInclude Include="inc\CFPropertyList.h">
      <Filter>Header Files</Filter>
    </ClInclude>
    <ClInclude Include="inc\CFRunLoop.h">
      <Filter>Header Files</Filter>
    </ClInclude>
    <ClInclude Include="inc\CFRunLoopPriv.h">
      <Filter>Header Files</Filter>
    </ClInclude>
    <ClInclude Include="inc\CFRuntime.h">
      <Filter>Header Files</Filter>
    </ClInclude>
    <ClInclude Include="inc\CFSet.h">
      <Filter>Header Files</Filter>
    </ClInclude>
    <ClInclude Include="inc\CFSocket.h">
      <Filter>Header Files</Filter>
    </ClInclude>
    <ClInclude Include="inc\CFStorage.h">
      <Filter>Header Files</Filter>
    </ClInclude>
    <ClInclude Include="inc\CFStream.h">
      <Filter>Header Files</Filter>
    </ClInclude>
    <ClInclude Include="inc\CFStreamPriv.h">
      <Filter>Header Files</Filter>
    </ClInclude>
    <ClInclude Include="inc\CFString.h">
      <Filter>Header Files</Filter>
    </ClInclude>
    <ClInclude Include="inc\CFTimeZone.h">
      <Filter>Header Files</Filter>
    </ClInclude>
    <ClInclude Include="inc\CFTree.h">
      <Filter>Header Files</Filter>
    </ClInclude>
    <ClInclude Include="inc\CFUniChar.h">
      <Filter>Header Files</Filter>
    </ClInclude>
    <ClInclude Include="inc\CFUniCharPriv.h">
      <Filter>Header Files</Filter>
    </ClInclude>
    <ClInclude Include="inc\CFStringEncodingConverter.h">
      <Filter>Header Files</Filter>
    </ClInclude>
    <ClInclude Include="inc\CFStringDefaultEncoding.h">
      <Filter>Header Files</Filter>
    </ClInclude>
    <ClInclude Include="inc\CFStringEncodingConverterExt.h">
      <Filter>Header Files</Filter>
    </ClInclude>
    <ClInclude Include="inc\CFStringEncodingConverterPriv.h">
      <Filter>Header Files</Filter>
    </ClInclude>
    <ClInclude Include="inc\CFStringEncodingExt.h">
      <Filter>Header Files</Filter>
    </ClInclude>
    <ClInclude Include="inc\CFStreamAbstract.h">
      <Filter>Header Files</Filter>
    </ClInclude>
    <ClInclude Include="inc\CFStreamInternal.h">
      <Filter>Header Files</Filter>
    </ClInclude>
    <ClInclude Include="inc\CFPriv.h">
      <Filter>Header Files</Filter>
    </ClInclude>
    <ClInclude Include="inc\CFUnicodeDecomposition.h">
      <Filter>Header Files</Filter>
    </ClInclude>
    <ClInclude Include="inc\CFUnicodePrecomposition.h">
      <Filter>Header Files</Filter>
    </ClInclude>
    <ClInclude Include="inc\CFURL.h">
      <Filter>Header Files</Filter>
    </ClInclude>
    <ClInclude Include="inc\CFURLAccess.h">
      <Filter>Header Files</Filter>
    </ClInclude>
    <ClInclude Include="inc\CFUserNotification.h">
      <Filter>Header Files</Filter>
    </ClInclude>
    <ClInclude Include="inc\CFUUID.h">
      <Filter>Header Files</Filter>
    </ClInclude>
    <ClInclude Include="inc\CFWindowsMessageQueue.h">
      <Filter>Header Files</Filter>
    </ClInclude>
    <ClInclude Include="inc\CFXMLInputStream.h">
      <Filter>Header Files</Filter>
    </ClInclude>
    <ClInclude Include="inc\CFXMLNode.h">
      <Filter>Header Files</Filter>
    </ClInclude>
    <ClInclude Include="inc\CFXMLParser.h">
      <Filter>Header Files</Filter>
    </ClInclude>
    <ClInclude Include="inc\CoreFoundation.h">
      <Filter>Header Files</Filter>
    </ClInclude>
    <ClInclude Include="inc\ForFoundationOnly.h">
      <Filter>Header Files</Filter>
    </ClInclude>
    <ClInclude Include="inc\compat\dirent.h">
      <Filter>Header Files\compat</Filter>
    </ClInclude>
  </ItemGroup>
  <ItemGroup>
    <Filter Include="Header Files">
      <UniqueIdentifier>{5b7d4d89-66cc-4179-a04c-5f283034a424}</UniqueIdentifier>
    </Filter>
    <Filter Include="Header Files\compat">
      <UniqueIdentifier>{f8785455-2332-4ecb-ad3f-93b311b3e688}</UniqueIdentifier>
    </Filter>
    <Filter Include="Source Files">
      <UniqueIdentifier>{2e07aae2-9ebc-43d7-834a-a077fc12cfa6}</UniqueIdentifier>
    </Filter>
    <Filter Include="Source Files\compat">
      <UniqueIdentifier>{2d56caba-7727-4a71-8212-b981b3a9b776}</UniqueIdentifier>
    </Filter>
  </ItemGroup>
</Project>